Microsoft Visual Studio Solution File, Format Version 12.00
# Visual Studio Version 17
VisualStudioVersion = 17.5.2.0
MinimumVisualStudioVersion = 10.0.40219.1
Project("{FAE04EC0-301F-11D3-BF4B-00C04F79EFBC}") = "BusinessEntity", "BusinessEntity.csproj", "{A421CF20-9E91-D1E8-1E57-72DC5598C275}"
EndProject
Global
	GlobalSection(SolutionConfigurationPlatforms) = preSolution
		Debug|Any CPU = Debug|Any CPU
		Release|Any CPU = Release|Any CPU
	EndGlobalSection
	GlobalSection(ProjectConfigurationPlatforms) = postSolution
		{A421CF20-9E91-D1E8-1E57-72DC5598C275}.Debug|Any CPU.ActiveCfg = Debug|Any CPU
		{A421CF20-9E91-D1E8-1E57-72DC5598C275}.Debug|Any CPU.Build.0 = Debug|Any CPU
		{A421CF20-9E91-D1E8-1E57-72DC5598C275}.Release|Any CPU.ActiveCfg = Release|Any CPU
		{A421CF20-9E91-D1E8-1E57-72DC5598C275}.Release|Any CPU.Build.0 = Release|Any CPU
	EndGlobalSection
	GlobalSection(SolutionProperties) = preSolution
		HideSolutionNode = FALSE
	EndGlobalSection
	GlobalSection(ExtensibilityGlobals) = postSolution
		SolutionGuid = {EAE77DD3-A846-4D1B-9B7F-08C98AD51227}
	EndGlobalSection
EndGlobal
